
Microsoft Visual Studio Solution File, Format Version 12.00
# Visual Studio Version 16
VisualStudioVersion = 16.0.30309.148
MinimumVisualStudioVersion = 10.0.40219.1
Project("{FAE04EC0-301F-11D3-BF4B-00C04F79EFBC}") = "part7keep", "part7keep.csproj", "{032F3EF3-1E23-41DC-831A-487CBA132273}"
EndProject
Global
	GlobalSection(SolutionConfigurationPlatforms) = preSolution
		Debug|Any CPU = Debug|Any CPU
		Release|Any CPU = Release|Any CPU
	EndGlobalSection
	GlobalSection(ProjectConfigurationPlatforms) = postSolution
		{032F3EF3-1E23-41DC-831A-487CBA132273}.Debug|Any CPU.ActiveCfg = Debug|Any CPU
		{032F3EF3-1E23-41DC-831A-487CBA132273}.Debug|Any CPU.Build.0 = Debug|Any CPU
		{032F3EF3-1E23-41DC-831A-487CBA132273}.Release|Any CPU.ActiveCfg = Release|Any CPU
		{032F3EF3-1E23-41DC-831A-487CBA132273}.Release|Any CPU.Build.0 = Release|Any CPU
	EndGlobalSection
	GlobalSection(SolutionProperties) = preSolution
		HideSolutionNode = FALSE
	EndGlobalSection
	GlobalSection(ExtensibilityGlobals) = postSolution
		SolutionGuid = {0FD6959A-1D8A-4BB9-B3E2-64A699495102}
	EndGlobalSection
EndGlobal
